
Microsoft Visual Studio Solution File, Format Version 12.00
# Visual Studio Version 16
VisualStudioVersion = 16.0.29521.150
MinimumVisualStudioVersion = 10.0.40219.1
Project("{FAE04EC0-301F-11D3-BF4B-00C04F79EFBC}") = "AccessTransferClient", "AccessTransferClient\AccessTransferClient.csproj", "{9EC8B0F8-D5A8-449F-A696-C728E2BB46B0}"
EndProject
Project("{FAE04EC0-301F-11D3-BF4B-00C04F79EFBC}") = "AccessTransferServer", "AccessTransferServer\AccessTransferServer.csproj", "{56F055D0-D859-45E6-9264-E28885F9D192}"
EndProject
Project("{FAE04EC0-301F-11D3-BF4B-00C04F79EFBC}") = "Lib", "Lib\Lib.csproj", "{D2C246DB-A554-4654-8497-40E2E3867EC3}"
EndProject
Project("{FAE04EC0-301F-11D3-BF4B-00C04F79EFBC}") = "LibTests1", "LibTests1\LibTests1.csproj", "{F42FAB8A-8890-4F3A-AA7A-93F5A357169D}"
EndProject
Global
	GlobalSection(SolutionConfigurationPlatforms) = preSolution
		Debug|Any CPU = Debug|Any CPU
		Debug|x86 = Debug|x86
		Release|Any CPU = Release|Any CPU
		Release|x86 = Release|x86
	EndGlobalSection
	GlobalSection(ProjectConfigurationPlatforms) = postSolution
		{9EC8B0F8-D5A8-449F-A696-C728E2BB46B0}.Debug|Any CPU.ActiveCfg = Debug|Any CPU
		{9EC8B0F8-D5A8-449F-A696-C728E2BB46B0}.Debug|Any CPU.Build.0 = Debug|Any CPU
		{9EC8B0F8-D5A8-449F-A696-C728E2BB46B0}.Debug|x86.ActiveCfg = Debug|Any CPU
		{9EC8B0F8-D5A8-449F-A696-C728E2BB46B0}.Debug|x86.Build.0 = Debug|Any CPU
		{9EC8B0F8-D5A8-449F-A696-C728E2BB46B0}.Release|Any CPU.ActiveCfg = Release|Any CPU
		{9EC8B0F8-D5A8-449F-A696-C728E2BB46B0}.Release|Any CPU.Build.0 = Release|Any CPU
		{9EC8B0F8-D5A8-449F-A696-C728E2BB46B0}.Release|x86.ActiveCfg = Release|Any CPU
		{9EC8B0F8-D5A8-449F-A696-C728E2BB46B0}.Release|x86.Build.0 = Release|Any CPU
		{56F055D0-D859-45E6-9264-E28885F9D192}.Debug|Any CPU.ActiveCfg = Debug|Any CPU
		{56F055D0-D859-45E6-9264-E28885F9D192}.Debug|Any CPU.Build.0 = Debug|Any CPU
		{56F055D0-D859-45E6-9264-E28885F9D192}.Debug|x86.ActiveCfg = Debug|Any CPU
		{56F055D0-D859-45E6-9264-E28885F9D192}.Debug|x86.Build.0 = Debug|Any CPU
		{56F055D0-D859-45E6-9264-E28885F9D192}.Release|Any CPU.ActiveCfg = Release|Any CPU
		{56F055D0-D859-45E6-9264-E28885F9D192}.Release|Any CPU.Build.0 = Release|Any CPU
		{56F055D0-D859-45E6-9264-E28885F9D192}.Release|x86.ActiveCfg = Release|Any CPU
		{56F055D0-D859-45E6-9264-E28885F9D192}.Release|x86.Build.0 = Release|Any CPU
		{D2C246DB-A554-4654-8497-40E2E3867EC3}.Debug|Any CPU.ActiveCfg = Debug|Any CPU
		{D2C246DB-A554-4654-8497-40E2E3867EC3}.Debug|Any CPU.Build.0 = Debug|Any CPU
		{D2C246DB-A554-4654-8497-40E2E3867EC3}.Debug|x86.ActiveCfg = Debug|x86
		{D2C246DB-A554-4654-8497-40E2E3867EC3}.Debug|x86.Build.0 = Debug|x86
		{D2C246DB-A554-4654-8497-40E2E3867EC3}.Release|Any CPU.ActiveCfg = Release|Any CPU
		{D2C246DB-A554-4654-8497-40E2E3867EC3}.Release|Any CPU.Build.0 = Release|Any CPU
		{D2C246DB-A554-4654-8497-40E2E3867EC3}.Release|x86.ActiveCfg = Release|x86
		{D2C246DB-A554-4654-8497-40E2E3867EC3}.Release|x86.Build.0 = Release|x86
		{F42FAB8A-8890-4F3A-AA7A-93F5A357169D}.Debug|Any CPU.ActiveCfg = Debug|Any CPU
		{F42FAB8A-8890-4F3A-AA7A-93F5A357169D}.Debug|Any CPU.Build.0 = Debug|Any CPU
		{F42FAB8A-8890-4F3A-AA7A-93F5A357169D}.Debug|x86.ActiveCfg = Debug|Any CPU
		{F42FAB8A-8890-4F3A-AA7A-93F5A357169D}.Debug|x86.Build.0 = Debug|Any CPU
		{F42FAB8A-8890-4F3A-AA7A-93F5A357169D}.Release|Any CPU.ActiveCfg = Release|Any CPU
		{F42FAB8A-8890-4F3A-AA7A-93F5A357169D}.Release|Any CPU.Build.0 = Release|Any CPU
		{F42FAB8A-8890-4F3A-AA7A-93F5A357169D}.Release|x86.ActiveCfg = Release|Any CPU
		{F42FAB8A-8890-4F3A-AA7A-93F5A357169D}.Release|x86.Build.0 = Release|Any CPU
	EndGlobalSection
	GlobalSection(SolutionProperties) = preSolution
		HideSolutionNode = FALSE
	EndGlobalSection
	GlobalSection(ExtensibilityGlobals) = postSolution
		SolutionGuid = {F560E3A5-05D3-4E2E-A083-064F89B572F9}
	EndGlobalSection
EndGlobal
